
Microsoft Visual Studio Solution File, Format Version 12.00
# Visual Studio 15
VisualStudioVersion = 15.0.27703.2035
MinimumVisualStudioVersion = 10.0.40219.1
Project("{FAE04EC0-301F-11D3-BF4B-00C04F79EFBC}") = "FileInforming", "FileInforming\FileInforming.csproj", "{C5780CCF-2408-4EA7-A779-5E14E61D52EA}"
EndProject
Project("{FAE04EC0-301F-11D3-BF4B-00C04F79EFBC}") = "FileInforming.Infrastructure", "FileInforming.Infrastructure\FileInforming.Infrastructure.csproj", "{EA2465A9-2797-4F06-B5FF-D8CF45081574}"
EndProject
Project("{FAE04EC0-301F-11D3-BF4B-00C04F79EFBC}") = "FileInforming.Test", "FileInforming.Test\FileInforming.Test.csproj", "{37E44A43-08E1-45EC-93BC-C75F6D764A9E}"
	ProjectSection(ProjectDependencies) = postProject
		{EA2465A9-2797-4F06-B5FF-D8CF45081574} = {EA2465A9-2797-4F06-B5FF-D8CF45081574}
	EndProjectSection
EndProject
Global
	GlobalSection(SolutionConfigurationPlatforms) = preSolution
		Debug|Any CPU = Debug|Any CPU
		Release|Any CPU = Release|Any CPU
	EndGlobalSection
	GlobalSection(ProjectConfigurationPlatforms) = postSolution
		{C5780CCF-2408-4EA7-A779-5E14E61D52EA}.Debug|Any CPU.ActiveCfg = Debug|Any CPU
		{C5780CCF-2408-4EA7-A779-5E14E61D52EA}.Debug|Any CPU.Build.0 = Debug|Any CPU
		{C5780CCF-2408-4EA7-A779-5E14E61D52EA}.Release|Any CPU.ActiveCfg = Release|Any CPU
		{C5780CCF-2408-4EA7-A779-5E14E61D52EA}.Release|Any CPU.Build.0 = Release|Any CPU
		{EA2465A9-2797-4F06-B5FF-D8CF45081574}.Debug|Any CPU.ActiveCfg = Debug|Any CPU
		{EA2465A9-2797-4F06-B5FF-D8CF45081574}.Debug|Any CPU.Build.0 = Debug|Any CPU
		{EA2465A9-2797-4F06-B5FF-D8CF45081574}.Release|Any CPU.ActiveCfg = Release|Any CPU
		{EA2465A9-2797-4F06-B5FF-D8CF45081574}.Release|Any CPU.Build.0 = Release|Any CPU
		{37E44A43-08E1-45EC-93BC-C75F6D764A9E}.Debug|Any CPU.ActiveCfg = Debug|Any CPU
		{37E44A43-08E1-45EC-93BC-C75F6D764A9E}.Debug|Any CPU.Build.0 = Debug|Any CPU
		{37E44A43-08E1-45EC-93BC-C75F6D764A9E}.Release|Any CPU.ActiveCfg = Release|Any CPU
		{37E44A43-08E1-45EC-93BC-C75F6D764A9E}.Release|Any CPU.Build.0 = Release|Any CPU
	EndGlobalSection
	GlobalSection(SolutionProperties) = preSolution
		HideSolutionNode = FALSE
	EndGlobalSection
	GlobalSection(ExtensibilityGlobals) = postSolution
		SolutionGuid = {3F24C699-6107-4B41-884A-C190447605DD}
	EndGlobalSection
EndGlobal
